
Microsoft Visual Studio Solution File, Format Version 12.00
# Visual Studio Version 17
VisualStudioVersion = 17.14.36616.10 d17.14
MinimumVisualStudioVersion = 10.0.40219.1
Project("{FAE04EC0-301F-11D3-BF4B-00C04F79EFBC}") = "SerialWriteToAlphafive", "SerialWriteToAlphafive.csproj", "{1D620461-D230-4DE8-9B89-F73BC2750DF6}"
EndProject
Global
	GlobalSection(SolutionConfigurationPlatforms) = preSolution
		Debug|Any CPU = Debug|Any CPU
		Release|Any CPU = Release|Any CPU
	EndGlobalSection
	GlobalSection(ProjectConfigurationPlatforms) = postSolution
		{1D620461-D230-4DE8-9B89-F73BC2750DF6}.Debug|Any CPU.ActiveCfg = Debug|Any CPU
		{1D620461-D230-4DE8-9B89-F73BC2750DF6}.Debug|Any CPU.Build.0 = Debug|Any CPU
		{1D620461-D230-4DE8-9B89-F73BC2750DF6}.Release|Any CPU.ActiveCfg = Release|Any CPU
		{1D620461-D230-4DE8-9B89-F73BC2750DF6}.Release|Any CPU.Build.0 = Release|Any CPU
	EndGlobalSection
	GlobalSection(SolutionProperties) = preSolution
		HideSolutionNode = FALSE
	EndGlobalSection
	GlobalSection(ExtensibilityGlobals) = postSolution
		SolutionGuid = {053EA4D9-69EF-49E6-8A76-D8D30EE362B8}
	EndGlobalSection
EndGlobal
